
Microsoft Visual Studio Solution File, Format Version 12.00
# Visual Studio 14
VisualStudioVersion = 14.0.24720.0
MinimumVisualStudioVersion = 10.0.40219.1
Project("{2150E333-8FDC-42A3-9474-1A3956D46DE8}") = ".paket", ".paket", "{8417A96E-CC11-4103-A780-C9ADC25539A8}"
	ProjectSection(SolutionItems) = preProject
		paket.dependencies = paket.dependencies
	EndProjectSection
EndProject
Project("{F2A71F9B-5D33-465A-A702-920D77279786}") = "FizzBuzzRx", "FizzBuzzRx\FizzBuzzRx.fsproj", "{72E1716F-8CA0-45A0-BAA5-71BB3A81B978}"
EndProject
Global
	GlobalSection(SolutionConfigurationPlatforms) = preSolution
		Debug|Any CPU = Debug|Any CPU
		Release|Any CPU = Release|Any CPU
	EndGlobalSection
	GlobalSection(ProjectConfigurationPlatforms) = postSolution
		{72E1716F-8CA0-45A0-BAA5-71BB3A81B978}.Debug|Any CPU.ActiveCfg = Debug|Any CPU
		{72E1716F-8CA0-45A0-BAA5-71BB3A81B978}.Debug|Any CPU.Build.0 = Debug|Any CPU
		{72E1716F-8CA0-45A0-BAA5-71BB3A81B978}.Release|Any CPU.ActiveCfg = Release|Any CPU
		{72E1716F-8CA0-45A0-BAA5-71BB3A81B978}.Release|Any CPU.Build.0 = Release|Any CPU
	EndGlobalSection
	GlobalSection(SolutionProperties) = preSolution
		HideSolutionNode = FALSE
	EndGlobalSection
EndGlobal
